<Solution>
  <Project Path="Laboratorio201/Laboratorio201.csproj" Id="99794328-ab11-4f4b-a8d0-593ed9da5aff" />
  <Project Path="Laboratorio202/Laboratorio202.csproj" Id="265c9287-e9e7-411e-a164-05b8dfbc78a3" />
  <Project Path="Laboratorio203/Laboratorio203.csproj" Id="8fb863e4-d1f8-4a2c-909b-3637d3a134c9" />
</Solution>
